
Microsoft Visual Studio Solution File, Format Version 12.00
# Visual Studio Version 17
VisualStudioVersion = 17.5.002.0
MinimumVisualStudioVersion = 10.0.40219.1
Project("{9A19103F-16F7-4668-BE54-9A1E7A4F7556}") = "Domain", "Domain\Domain.csproj", "{BEF4A4A8-8F8A-4823-99D6-A3008DF417E8}"
EndProject
Project("{9A19103F-16F7-4668-BE54-9A1E7A4F7556}") = "Infrastructure", "Infrastructure\Infrastructure.csproj", "{4E9F0758-EB4F-48DA-BA72-EA7B394106E0}"
EndProject
Project("{9A19103F-16F7-4668-BE54-9A1E7A4F7556}") = "MainApp", "MainApp\MainApp.csproj", "{86AEC0AE-3DE9-4CF4-8F32-7A27EDFDDFCE}"
EndProject
Global
	GlobalSection(SolutionConfigurationPlatforms) = preSolution
		Debug|Any CPU = Debug|Any CPU
		Release|Any CPU = Release|Any CPU
	EndGlobalSection
	GlobalSection(ProjectConfigurationPlatforms) = postSolution
		{BEF4A4A8-8F8A-4823-99D6-A3008DF417E8}.Debug|Any CPU.ActiveCfg = Debug|Any CPU
		{BEF4A4A8-8F8A-4823-99D6-A3008DF417E8}.Debug|Any CPU.Build.0 = Debug|Any CPU
		{BEF4A4A8-8F8A-4823-99D6-A3008DF417E8}.Release|Any CPU.ActiveCfg = Release|Any CPU
		{BEF4A4A8-8F8A-4823-99D6-A3008DF417E8}.Release|Any CPU.Build.0 = Release|Any CPU
		{4E9F0758-EB4F-48DA-BA72-EA7B394106E0}.Debug|Any CPU.ActiveCfg = Debug|Any CPU
		{4E9F0758-EB4F-48DA-BA72-EA7B394106E0}.Debug|Any CPU.Build.0 = Debug|Any CPU
		{4E9F0758-EB4F-48DA-BA72-EA7B394106E0}.Release|Any CPU.ActiveCfg = Release|Any CPU
		{4E9F0758-EB4F-48DA-BA72-EA7B394106E0}.Release|Any CPU.Build.0 = Release|Any CPU
		{86AEC0AE-3DE9-4CF4-8F32-7A27EDFDDFCE}.Debug|Any CPU.ActiveCfg = Debug|Any CPU
		{86AEC0AE-3DE9-4CF4-8F32-7A27EDFDDFCE}.Debug|Any CPU.Build.0 = Debug|Any CPU
		{86AEC0AE-3DE9-4CF4-8F32-7A27EDFDDFCE}.Release|Any CPU.ActiveCfg = Release|Any CPU
		{86AEC0AE-3DE9-4CF4-8F32-7A27EDFDDFCE}.Release|Any CPU.Build.0 = Release|Any CPU
	EndGlobalSection
	GlobalSection(SolutionProperties) = preSolution
		HideSolutionNode = FALSE
	EndGlobalSection
	GlobalSection(ExtensibilityGlobals) = postSolution
		SolutionGuid = {8F344069-89BC-4976-A035-5AB1D5BF009F}
	EndGlobalSection
EndGlobal
